
Microsoft Visual Studio Solution File, Format Version 12.00
# Visual Studio Version 17
VisualStudioVersion = 17.14.36327.8
MinimumVisualStudioVersion = 10.0.40219.1
Project("{FAE04EC0-301F-11D3-BF4B-00C04F79EFBC}") = "LogicalOptimizer", "LogicalOptimizer\LogicalOptimizer.csproj", "{A5E34626-3754-45D6-828D-9CF19DF52BAE}"
EndProject
Project("{FAE04EC0-301F-11D3-BF4B-00C04F79EFBC}") = "LogicalOptimizer.Tests", "LogicalOptimizer.Tests\LogicalOptimizer.Tests.csproj", "{47C5BD9F-C610-041F-5767-E1C68850CBE3}"
EndProject
Project("{FAE04EC0-301F-11D3-BF4B-00C04F79EFBC}") = "LogicalOptimizer.Cli", "LogicalOptimizer.Cli\LogicalOptimizer.Cli.csproj", "{1558DF9A-B74C-428D-A1DF-DF83FF50D6C9}"
EndProject
Project("{FAE04EC0-301F-11D3-BF4B-00C04F79EFBC}") = "LogicalOptimizer.Benchmarks", "LogicalOptimizer.Benchmarks\LogicalOptimizer.Benchmarks.csproj", "{5A3D1B2D-E9B3-4FA6-8E3D-84F0E6626669}"
EndProject
Project("{FAE04EC0-301F-11D3-BF4B-00C04F79EFBC}") = "LogicalOptimizer.Core", "LogicalOptimizer.Core\LogicalOptimizer.Core.csproj", "{8EC4C018-A7E9-45DC-BB60-A18DB26B726A}"
EndProject
Project("{FAE04EC0-301F-11D3-BF4B-00C04F79EFBC}") = "LogicalOptimizer.Sat", "LogicalOptimizer.Sat\LogicalOptimizer.Sat.csproj", "{18A56423-6D97-486F-A05B-941FE2E83627}"
EndProject
Project("{FAE04EC0-301F-11D3-BF4B-00C04F79EFBC}") = "LogicalOptimizer.Bdd", "LogicalOptimizer.Bdd\LogicalOptimizer.Bdd.csproj", "{575E5A1B-278D-4E6D-BF38-C2A08007EB34}"
EndProject
Project("{FAE04EC0-301F-11D3-BF4B-00C04F79EFBC}") = "LogicalOptimizer.Minimization", "LogicalOptimizer.Minimization\LogicalOptimizer.Minimization.csproj", "{B7ABF2A3-9ED6-4258-AA09-4732D0277B3E}"
EndProject
Project("{FAE04EC0-301F-11D3-BF4B-00C04F79EFBC}") = "LogicalOptimizer.Dnnf", "LogicalOptimizer.Dnnf\LogicalOptimizer.Dnnf.csproj", "{1231F86F-6C7C-4AD4-8790-2D65D4851BB5}"
EndProject
Project("{FAE04EC0-301F-11D3-BF4B-00C04F79EFBC}") = "LogicalOptimizer.Full", "LogicalOptimizer.Full\LogicalOptimizer.Full.csproj", "{676AFBC9-C037-467E-9865-ADC6B6A9A9AF}"
EndProject
Project("{FAE04EC0-301F-11D3-BF4B-00C04F79EFBC}") = "LogicalOptimizer.AotSmoke", "LogicalOptimizer.AotSmoke\LogicalOptimizer.AotSmoke.csproj", "{B0F4AC38-8F9B-4545-ABA2-F2611D3B4EAC}"
EndProject
Project("{FAE04EC0-301F-11D3-BF4B-00C04F79EFBC}") = "LogicalOptimizer.Formats", "LogicalOptimizer.Formats\LogicalOptimizer.Formats.csproj", "{405AF89E-26BD-4F7B-AEE3-3DA3D6CEAC8A}"
EndProject
Project("{2150E333-8FDC-42A3-9474-1A3956D46DE8}") = "samples", "samples", "{5D20AA90-6969-D8BD-9DCD-8634F4692FDA}"
EndProject
Project("{FAE04EC0-301F-11D3-BF4B-00C04F79EFBC}") = "LogicalOptimizer.Samples", "samples\LogicalOptimizer.Samples\LogicalOptimizer.Samples.csproj", "{BBD314AA-B469-4920-8FF8-7375E393F951}"
EndProject
Project("{2150E333-8FDC-42A3-9474-1A3956D46DE8}") = "forwarding", "forwarding", "{F3CDE458-B1FE-C2AB-9BAD-D4C60C1CB6EC}"
EndProject
Project("{FAE04EC0-301F-11D3-BF4B-00C04F79EFBC}") = "LogicalOptimizer.Bdd.Forwarding", "forwarding\LogicalOptimizer.Bdd.Forwarding\LogicalOptimizer.Bdd.Forwarding.csproj", "{83A7E4D3-1FC9-4F45-8ADF-11AC36659EBB}"
EndProject
Project("{FAE04EC0-301F-11D3-BF4B-00C04F79EFBC}") = "LogicalOptimizer.Core.Forwarding", "forwarding\LogicalOptimizer.Core.Forwarding\LogicalOptimizer.Core.Forwarding.csproj", "{1DEFA6DF-C83B-497A-8929-D1F66765CB96}"
EndProject
Project("{FAE04EC0-301F-11D3-BF4B-00C04F79EFBC}") = "LogicalOptimizer.Dnnf.Forwarding", "forwarding\LogicalOptimizer.Dnnf.Forwarding\LogicalOptimizer.Dnnf.Forwarding.csproj", "{2100629E-C077-4D37-BFC4-137DFFE72371}"
EndProject
Project("{FAE04EC0-301F-11D3-BF4B-00C04F79EFBC}") = "LogicalOptimizer.Formats.Forwarding", "forwarding\LogicalOptimizer.Formats.Forwarding\LogicalOptimizer.Formats.Forwarding.csproj", "{F4F255EF-79CE-4830-BC6B-DE1FFD94B16A}"
EndProject
Project("{FAE04EC0-301F-11D3-BF4B-00C04F79EFBC}") = "LogicalOptimizer.Minimization.Forwarding", "forwarding\LogicalOptimizer.Minimization.Forwarding\LogicalOptimizer.Minimization.Forwarding.csproj", "{014FA592-D645-4E8E-A6C3-AA629ACFE084}"
EndProject
Project("{FAE04EC0-301F-11D3-BF4B-00C04F79EFBC}") = "LogicalOptimizer.Sat.Forwarding", "forwarding\LogicalOptimizer.Sat.Forwarding\LogicalOptimizer.Sat.Forwarding.csproj", "{87A6D076-3636-4F9E-8401-0B69A89F2FFB}"
EndProject
Global
	GlobalSection(SolutionConfigurationPlatforms) = preSolution
		Debug|Any CPU = Debug|Any CPU
		Debug|x64 = Debug|x64
		Debug|x86 = Debug|x86
		Release|Any CPU = Release|Any CPU
		Release|x64 = Release|x64
		Release|x86 = Release|x86
	EndGlobalSection
	GlobalSection(ProjectConfigurationPlatforms) = postSolution
		{A5E34626-3754-45D6-828D-9CF19DF52BAE}.Debug|Any CPU.ActiveCfg = Debug|Any CPU
		{A5E34626-3754-45D6-828D-9CF19DF52BAE}.Debug|Any CPU.Build.0 = Debug|Any CPU
		{A5E34626-3754-45D6-828D-9CF19DF52BAE}.Debug|x64.ActiveCfg = Debug|Any CPU
		{A5E34626-3754-45D6-828D-9CF19DF52BAE}.Debug|x64.Build.0 = Debug|Any CPU
		{A5E34626-3754-45D6-828D-9CF19DF52BAE}.Debug|x86.ActiveCfg = Debug|Any CPU
		{A5E34626-3754-45D6-828D-9CF19DF52BAE}.Debug|x86.Build.0 = Debug|Any CPU
		{A5E34626-3754-45D6-828D-9CF19DF52BAE}.Release|Any CPU.ActiveCfg = Release|Any CPU
		{A5E34626-3754-45D6-828D-9CF19DF52BAE}.Release|Any CPU.Build.0 = Release|Any CPU
		{A5E34626-3754-45D6-828D-9CF19DF52BAE}.Release|x64.ActiveCfg = Release|Any CPU
		{A5E34626-3754-45D6-828D-9CF19DF52BAE}.Release|x64.Build.0 = Release|Any CPU
		{A5E34626-3754-45D6-828D-9CF19DF52BAE}.Release|x86.ActiveCfg = Release|Any CPU
		{A5E34626-3754-45D6-828D-9CF19DF52BAE}.Release|x86.Build.0 = Release|Any CPU
		{47C5BD9F-C610-041F-5767-E1C68850CBE3}.Debug|Any CPU.ActiveCfg = Debug|Any CPU
		{47C5BD9F-C610-041F-5767-E1C68850CBE3}.Debug|Any CPU.Build.0 = Debug|Any CPU
		{47C5BD9F-C610-041F-5767-E1C68850CBE3}.Debug|x64.ActiveCfg = Debug|Any CPU
		{47C5BD9F-C610-041F-5767-E1C68850CBE3}.Debug|x64.Build.0 = Debug|Any CPU
		{47C5BD9F-C610-041F-5767-E1C68850CBE3}.Debug|x86.ActiveCfg = Debug|Any CPU
		{47C5BD9F-C610-041F-5767-E1C68850CBE3}.Debug|x86.Build.0 = Debug|Any CPU
		{47C5BD9F-C610-041F-5767-E1C68850CBE3}.Release|Any CPU.ActiveCfg = Release|Any CPU
		{47C5BD9F-C610-041F-5767-E1C68850CBE3}.Release|Any CPU.Build.0 = Release|Any CPU
		{47C5BD9F-C610-041F-5767-E1C68850CBE3}.Release|x64.ActiveCfg = Release|Any CPU
		{47C5BD9F-C610-041F-5767-E1C68850CBE3}.Release|x64.Build.0 = Release|Any CPU
		{47C5BD9F-C610-041F-5767-E1C68850CBE3}.Release|x86.ActiveCfg = Release|Any CPU
		{47C5BD9F-C610-041F-5767-E1C68850CBE3}.Release|x86.Build.0 = Release|Any CPU
		{1558DF9A-B74C-428D-A1DF-DF83FF50D6C9}.Debug|Any CPU.ActiveCfg = Debug|Any CPU
		{1558DF9A-B74C-428D-A1DF-DF83FF50D6C9}.Debug|Any CPU.Build.0 = Debug|Any CPU
		{1558DF9A-B74C-428D-A1DF-DF83FF50D6C9}.Debug|x64.ActiveCfg = Debug|Any CPU
		{1558DF9A-B74C-428D-A1DF-DF83FF50D6C9}.Debug|x64.Build.0 = Debug|Any CPU
		{1558DF9A-B74C-428D-A1DF-DF83FF50D6C9}.Debug|x86.ActiveCfg = Debug|Any CPU
		{1558DF9A-B74C-428D-A1DF-DF83FF50D6C9}.Debug|x86.Build.0 = Debug|Any CPU
		{1558DF9A-B74C-428D-A1DF-DF83FF50D6C9}.Release|Any CPU.ActiveCfg = Release|Any CPU
		{1558DF9A-B74C-428D-A1DF-DF83FF50D6C9}.Release|Any CPU.Build.0 = Release|Any CPU
		{1558DF9A-B74C-428D-A1DF-DF83FF50D6C9}.Release|x64.ActiveCfg = Release|Any CPU
		{1558DF9A-B74C-428D-A1DF-DF83FF50D6C9}.Release|x64.Build.0 = Release|Any CPU
		{1558DF9A-B74C-428D-A1DF-DF83FF50D6C9}.Release|x86.ActiveCfg = Release|Any CPU
		{1558DF9A-B74C-428D-A1DF-DF83FF50D6C9}.Release|x86.Build.0 = Release|Any CPU
		{5A3D1B2D-E9B3-4FA6-8E3D-84F0E6626669}.Debug|Any CPU.ActiveCfg = Debug|Any CPU
		{5A3D1B2D-E9B3-4FA6-8E3D-84F0E6626669}.Debug|Any CPU.Build.0 = Debug|Any CPU
		{5A3D1B2D-E9B3-4FA6-8E3D-84F0E6626669}.Debug|x64.ActiveCfg = Debug|Any CPU
		{5A3D1B2D-E9B3-4FA6-8E3D-84F0E6626669}.Debug|x64.Build.0 = Debug|Any CPU
		{5A3D1B2D-E9B3-4FA6-8E3D-84F0E6626669}.Debug|x86.ActiveCfg = Debug|Any CPU
		{5A3D1B2D-E9B3-4FA6-8E3D-84F0E6626669}.Debug|x86.Build.0 = Debug|Any CPU
		{5A3D1B2D-E9B3-4FA6-8E3D-84F0E6626669}.Release|Any CPU.ActiveCfg = Release|Any CPU
		{5A3D1B2D-E9B3-4FA6-8E3D-84F0E6626669}.Release|Any CPU.Build.0 = Release|Any CPU
		{5A3D1B2D-E9B3-4FA6-8E3D-84F0E6626669}.Release|x64.ActiveCfg = Release|Any CPU
		{5A3D1B2D-E9B3-4FA6-8E3D-84F0E6626669}.Release|x64.Build.0 = Release|Any CPU
		{5A3D1B2D-E9B3-4FA6-8E3D-84F0E6626669}.Release|x86.ActiveCfg = Release|Any CPU
		{5A3D1B2D-E9B3-4FA6-8E3D-84F0E6626669}.Release|x86.Build.0 = Release|Any CPU
		{8EC4C018-A7E9-45DC-BB60-A18DB26B726A}.Debug|Any CPU.ActiveCfg = Debug|Any CPU
		{8EC4C018-A7E9-45DC-BB60-A18DB26B726A}.Debug|Any CPU.Build.0 = Debug|Any CPU
		{8EC4C018-A7E9-45DC-BB60-A18DB26B726A}.Debug|x64.ActiveCfg = Debug|Any CPU
		{8EC4C018-A7E9-45DC-BB60-A18DB26B726A}.Debug|x64.Build.0 = Debug|Any CPU
		{8EC4C018-A7E9-45DC-BB60-A18DB26B726A}.Debug|x86.ActiveCfg = Debug|Any CPU
		{8EC4C018-A7E9-45DC-BB60-A18DB26B726A}.Debug|x86.Build.0 = Debug|Any CPU
		{8EC4C018-A7E9-45DC-BB60-A18DB26B726A}.Release|Any CPU.ActiveCfg = Release|Any CPU
		{8EC4C018-A7E9-45DC-BB60-A18DB26B726A}.Release|Any CPU.Build.0 = Release|Any CPU
		{8EC4C018-A7E9-45DC-BB60-A18DB26B726A}.Release|x64.ActiveCfg = Release|Any CPU
		{8EC4C018-A7E9-45DC-BB60-A18DB26B726A}.Release|x64.Build.0 = Release|Any CPU
		{8EC4C018-A7E9-45DC-BB60-A18DB26B726A}.Release|x86.ActiveCfg = Release|Any CPU
		{8EC4C018-A7E9-45DC-BB60-A18DB26B726A}.Release|x86.Build.0 = Release|Any CPU
		{18A56423-6D97-486F-A05B-941FE2E83627}.Debug|Any CPU.ActiveCfg = Debug|Any CPU
		{18A56423-6D97-486F-A05B-941FE2E83627}.Debug|Any CPU.Build.0 = Debug|Any CPU
		{18A56423-6D97-486F-A05B-941FE2E83627}.Debug|x64.ActiveCfg = Debug|Any CPU
		{18A56423-6D97-486F-A05B-941FE2E83627}.Debug|x64.Build.0 = Debug|Any CPU
		{18A56423-6D97-486F-A05B-941FE2E83627}.Debug|x86.ActiveCfg = Debug|Any CPU
		{18A56423-6D97-486F-A05B-941FE2E83627}.Debug|x86.Build.0 = Debug|Any CPU
		{18A56423-6D97-486F-A05B-941FE2E83627}.Release|Any CPU.ActiveCfg = Release|Any CPU
		{18A56423-6D97-486F-A05B-941FE2E83627}.Release|Any CPU.Build.0 = Release|Any CPU
		{18A56423-6D97-486F-A05B-941FE2E83627}.Release|x64.ActiveCfg = Release|Any CPU
		{18A56423-6D97-486F-A05B-941FE2E83627}.Release|x64.Build.0 = Release|Any CPU
		{18A56423-6D97-486F-A05B-941FE2E83627}.Release|x86.ActiveCfg = Release|Any CPU
		{18A56423-6D97-486F-A05B-941FE2E83627}.Release|x86.Build.0 = Release|Any CPU
		{575E5A1B-278D-4E6D-BF38-C2A08007EB34}.Debug|Any CPU.ActiveCfg = Debug|Any CPU
		{575E5A1B-278D-4E6D-BF38-C2A08007EB34}.Debug|Any CPU.Build.0 = Debug|Any CPU
		{575E5A1B-278D-4E6D-BF38-C2A08007EB34}.Debug|x64.ActiveCfg = Debug|Any CPU
		{575E5A1B-278D-4E6D-BF38-C2A08007EB34}.Debug|x64.Build.0 = Debug|Any CPU
		{575E5A1B-278D-4E6D-BF38-C2A08007EB34}.Debug|x86.ActiveCfg = Debug|Any CPU
		{575E5A1B-278D-4E6D-BF38-C2A08007EB34}.Debug|x86.Build.0 = Debug|Any CPU
		{575E5A1B-278D-4E6D-BF38-C2A08007EB34}.Release|Any CPU.ActiveCfg = Release|Any CPU
		{575E5A1B-278D-4E6D-BF38-C2A08007EB34}.Release|Any CPU.Build.0 = Release|Any CPU
		{575E5A1B-278D-4E6D-BF38-C2A08007EB34}.Release|x64.ActiveCfg = Release|Any CPU
		{575E5A1B-278D-4E6D-BF38-C2A08007EB34}.Release|x64.Build.0 = Release|Any CPU
		{575E5A1B-278D-4E6D-BF38-C2A08007EB34}.Release|x86.ActiveCfg = Release|Any CPU
		{575E5A1B-278D-4E6D-BF38-C2A08007EB34}.Release|x86.Build.0 = Release|Any CPU
		{B7ABF2A3-9ED6-4258-AA09-4732D0277B3E}.Debug|Any CPU.ActiveCfg = Debug|Any CPU
		{B7ABF2A3-9ED6-4258-AA09-4732D0277B3E}.Debug|Any CPU.Build.0 = Debug|Any CPU
		{B7ABF2A3-9ED6-4258-AA09-4732D0277B3E}.Debug|x64.ActiveCfg = Debug|Any CPU
		{B7ABF2A3-9ED6-4258-AA09-4732D0277B3E}.Debug|x64.Build.0 = Debug|Any CPU
		{B7ABF2A3-9ED6-4258-AA09-4732D0277B3E}.Debug|x86.ActiveCfg = Debug|Any CPU
		{B7ABF2A3-9ED6-4258-AA09-4732D0277B3E}.Debug|x86.Build.0 = Debug|Any CPU
		{B7ABF2A3-9ED6-4258-AA09-4732D0277B3E}.Release|Any CPU.ActiveCfg = Release|Any CPU
		{B7ABF2A3-9ED6-4258-AA09-4732D0277B3E}.Release|Any CPU.Build.0 = Release|Any CPU
		{B7ABF2A3-9ED6-4258-AA09-4732D0277B3E}.Release|x64.ActiveCfg = Release|Any CPU
		{B7ABF2A3-9ED6-4258-AA09-4732D0277B3E}.Release|x64.Build.0 = Release|Any CPU
		{B7ABF2A3-9ED6-4258-AA09-4732D0277B3E}.Release|x86.ActiveCfg = Release|Any CPU
		{B7ABF2A3-9ED6-4258-AA09-4732D0277B3E}.Release|x86.Build.0 = Release|Any CPU
		{1231F86F-6C7C-4AD4-8790-2D65D4851BB5}.Debug|Any CPU.ActiveCfg = Debug|Any CPU
		{1231F86F-6C7C-4AD4-8790-2D65D4851BB5}.Debug|Any CPU.Build.0 = Debug|Any CPU
		{1231F86F-6C7C-4AD4-8790-2D65D4851BB5}.Debug|x64.ActiveCfg = Debug|Any CPU
		{1231F86F-6C7C-4AD4-8790-2D65D4851BB5}.Debug|x64.Build.0 = Debug|Any CPU
		{1231F86F-6C7C-4AD4-8790-2D65D4851BB5}.Debug|x86.ActiveCfg = Debug|Any CPU
		{1231F86F-6C7C-4AD4-8790-2D65D4851BB5}.Debug|x86.Build.0 = Debug|Any CPU
		{1231F86F-6C7C-4AD4-8790-2D65D4851BB5}.Release|Any CPU.ActiveCfg = Release|Any CPU
		{1231F86F-6C7C-4AD4-8790-2D65D4851BB5}.Release|Any CPU.Build.0 = Release|Any CPU
		{1231F86F-6C7C-4AD4-8790-2D65D4851BB5}.Release|x64.ActiveCfg = Release|Any CPU
		{1231F86F-6C7C-4AD4-8790-2D65D4851BB5}.Release|x64.Build.0 = Release|Any CPU
		{1231F86F-6C7C-4AD4-8790-2D65D4851BB5}.Release|x86.ActiveCfg = Release|Any CPU
		{1231F86F-6C7C-4AD4-8790-2D65D4851BB5}.Release|x86.Build.0 = Release|Any CPU
		{676AFBC9-C037-467E-9865-ADC6B6A9A9AF}.Debug|Any CPU.ActiveCfg = Debug|Any CPU
		{676AFBC9-C037-467E-9865-ADC6B6A9A9AF}.Debug|Any CPU.Build.0 = Debug|Any CPU
		{676AFBC9-C037-467E-9865-ADC6B6A9A9AF}.Debug|x64.ActiveCfg = Debug|Any CPU
		{676AFBC9-C037-467E-9865-ADC6B6A9A9AF}.Debug|x64.Build.0 = Debug|Any CPU
		{676AFBC9-C037-467E-9865-ADC6B6A9A9AF}.Debug|x86.ActiveCfg = Debug|Any CPU
		{676AFBC9-C037-467E-9865-ADC6B6A9A9AF}.Debug|x86.Build.0 = Debug|Any CPU
		{676AFBC9-C037-467E-9865-ADC6B6A9A9AF}.Release|Any CPU.ActiveCfg = Release|Any CPU
		{676AFBC9-C037-467E-9865-ADC6B6A9A9AF}.Release|Any CPU.Build.0 = Release|Any CPU
		{676AFBC9-C037-467E-9865-ADC6B6A9A9AF}.Release|x64.ActiveCfg = Release|Any CPU
		{676AFBC9-C037-467E-9865-ADC6B6A9A9AF}.Release|x64.Build.0 = Release|Any CPU
		{676AFBC9-C037-467E-9865-ADC6B6A9A9AF}.Release|x86.ActiveCfg = Release|Any CPU
		{676AFBC9-C037-467E-9865-ADC6B6A9A9AF}.Release|x86.Build.0 = Release|Any CPU
		{B0F4AC38-8F9B-4545-ABA2-F2611D3B4EAC}.Debug|Any CPU.ActiveCfg = Debug|Any CPU
		{B0F4AC38-8F9B-4545-ABA2-F2611D3B4EAC}.Debug|Any CPU.Build.0 = Debug|Any CPU
		{B0F4AC38-8F9B-4545-ABA2-F2611D3B4EAC}.Debug|x64.ActiveCfg = Debug|Any CPU
		{B0F4AC38-8F9B-4545-ABA2-F2611D3B4EAC}.Debug|x64.Build.0 = Debug|Any CPU
		{B0F4AC38-8F9B-4545-ABA2-F2611D3B4EAC}.Debug|x86.ActiveCfg = Debug|Any CPU
		{B0F4AC38-8F9B-4545-ABA2-F2611D3B4EAC}.Debug|x86.Build.0 = Debug|Any CPU
		{B0F4AC38-8F9B-4545-ABA2-F2611D3B4EAC}.Release|Any CPU.ActiveCfg = Release|Any CPU
		{B0F4AC38-8F9B-4545-ABA2-F2611D3B4EAC}.Release|Any CPU.Build.0 = Release|Any CPU
		{B0F4AC38-8F9B-4545-ABA2-F2611D3B4EAC}.Release|x64.ActiveCfg = Release|Any CPU
		{B0F4AC38-8F9B-4545-ABA2-F2611D3B4EAC}.Release|x64.Build.0 = Release|Any CPU
		{B0F4AC38-8F9B-4545-ABA2-F2611D3B4EAC}.Release|x86.ActiveCfg = Release|Any CPU
		{B0F4AC38-8F9B-4545-ABA2-F2611D3B4EAC}.Release|x86.Build.0 = Release|Any CPU
		{405AF89E-26BD-4F7B-AEE3-3DA3D6CEAC8A}.Debug|Any CPU.ActiveCfg = Debug|Any CPU
		{405AF89E-26BD-4F7B-AEE3-3DA3D6CEAC8A}.Debug|Any CPU.Build.0 = Debug|Any CPU
		{405AF89E-26BD-4F7B-AEE3-3DA3D6CEAC8A}.Debug|x64.ActiveCfg = Debug|Any CPU
		{405AF89E-26BD-4F7B-AEE3-3DA3D6CEAC8A}.Debug|x64.Build.0 = Debug|Any CPU
		{405AF89E-26BD-4F7B-AEE3-3DA3D6CEAC8A}.Debug|x86.ActiveCfg = Debug|Any CPU
		{405AF89E-26BD-4F7B-AEE3-3DA3D6CEAC8A}.Debug|x86.Build.0 = Debug|Any CPU
		{405AF89E-26BD-4F7B-AEE3-3DA3D6CEAC8A}.Release|Any CPU.ActiveCfg = Release|Any CPU
		{405AF89E-26BD-4F7B-AEE3-3DA3D6CEAC8A}.Release|Any CPU.Build.0 = Release|Any CPU
		{405AF89E-26BD-4F7B-AEE3-3DA3D6CEAC8A}.Release|x64.ActiveCfg = Release|Any CPU
		{405AF89E-26BD-4F7B-AEE3-3DA3D6CEAC8A}.Release|x64.Build.0 = Release|Any CPU
		{405AF89E-26BD-4F7B-AEE3-3DA3D6CEAC8A}.Release|x86.ActiveCfg = Release|Any CPU
		{405AF89E-26BD-4F7B-AEE3-3DA3D6CEAC8A}.Release|x86.Build.0 = Release|Any CPU
		{BBD314AA-B469-4920-8FF8-7375E393F951}.Debug|Any CPU.ActiveCfg = Debug|Any CPU
		{BBD314AA-B469-4920-8FF8-7375E393F951}.Debug|Any CPU.Build.0 = Debug|Any CPU
		{BBD314AA-B469-4920-8FF8-7375E393F951}.Debug|x64.ActiveCfg = Debug|Any CPU
		{BBD314AA-B469-4920-8FF8-7375E393F951}.Debug|x64.Build.0 = Debug|Any CPU
		{BBD314AA-B469-4920-8FF8-7375E393F951}.Debug|x86.ActiveCfg = Debug|Any CPU
		{BBD314AA-B469-4920-8FF8-7375E393F951}.Debug|x86.Build.0 = Debug|Any CPU
		{BBD314AA-B469-4920-8FF8-7375E393F951}.Release|Any CPU.ActiveCfg = Release|Any CPU
		{BBD314AA-B469-4920-8FF8-7375E393F951}.Release|Any CPU.Build.0 = Release|Any CPU
		{BBD314AA-B469-4920-8FF8-7375E393F951}.Release|x64.ActiveCfg = Release|Any CPU
		{BBD314AA-B469-4920-8FF8-7375E393F951}.Release|x64.Build.0 = Release|Any CPU
		{BBD314AA-B469-4920-8FF8-7375E393F951}.Release|x86.ActiveCfg = Release|Any CPU
		{BBD314AA-B469-4920-8FF8-7375E393F951}.Release|x86.Build.0 = Release|Any CPU
		{83A7E4D3-1FC9-4F45-8ADF-11AC36659EBB}.Debug|Any CPU.ActiveCfg = Debug|Any CPU
		{83A7E4D3-1FC9-4F45-8ADF-11AC36659EBB}.Debug|Any CPU.Build.0 = Debug|Any CPU
		{83A7E4D3-1FC9-4F45-8ADF-11AC36659EBB}.Debug|x64.ActiveCfg = Debug|Any CPU
		{83A7E4D3-1FC9-4F45-8ADF-11AC36659EBB}.Debug|x64.Build.0 = Debug|Any CPU
		{83A7E4D3-1FC9-4F45-8ADF-11AC36659EBB}.Debug|x86.ActiveCfg = Debug|Any CPU
		{83A7E4D3-1FC9-4F45-8ADF-11AC36659EBB}.Debug|x86.Build.0 = Debug|Any CPU
		{83A7E4D3-1FC9-4F45-8ADF-11AC36659EBB}.Release|Any CPU.ActiveCfg = Release|Any CPU
		{83A7E4D3-1FC9-4F45-8ADF-11AC36659EBB}.Release|Any CPU.Build.0 = Release|Any CPU
		{83A7E4D3-1FC9-4F45-8ADF-11AC36659EBB}.Release|x64.ActiveCfg = Release|Any CPU
		{83A7E4D3-1FC9-4F45-8ADF-11AC36659EBB}.Release|x64.Build.0 = Release|Any CPU
		{83A7E4D3-1FC9-4F45-8ADF-11AC36659EBB}.Release|x86.ActiveCfg = Release|Any CPU
		{83A7E4D3-1FC9-4F45-8ADF-11AC36659EBB}.Release|x86.Build.0 = Release|Any CPU
		{1DEFA6DF-C83B-497A-8929-D1F66765CB96}.Debug|Any CPU.ActiveCfg = Debug|Any CPU
		{1DEFA6DF-C83B-497A-8929-D1F66765CB96}.Debug|Any CPU.Build.0 = Debug|Any CPU
		{1DEFA6DF-C83B-497A-8929-D1F66765CB96}.Debug|x64.ActiveCfg = Debug|Any CPU
		{1DEFA6DF-C83B-497A-8929-D1F66765CB96}.Debug|x64.Build.0 = Debug|Any CPU
		{1DEFA6DF-C83B-497A-8929-D1F66765CB96}.Debug|x86.ActiveCfg = Debug|Any CPU
		{1DEFA6DF-C83B-497A-8929-D1F66765CB96}.Debug|x86.Build.0 = Debug|Any CPU
		{1DEFA6DF-C83B-497A-8929-D1F66765CB96}.Release|Any CPU.ActiveCfg = Release|Any CPU
		{1DEFA6DF-C83B-497A-8929-D1F66765CB96}.Release|Any CPU.Build.0 = Release|Any CPU
		{1DEFA6DF-C83B-497A-8929-D1F66765CB96}.Release|x64.ActiveCfg = Release|Any CPU
		{1DEFA6DF-C83B-497A-8929-D1F66765CB96}.Release|x64.Build.0 = Release|Any CPU
		{1DEFA6DF-C83B-497A-8929-D1F66765CB96}.Release|x86.ActiveCfg = Release|Any CPU
		{1DEFA6DF-C83B-497A-8929-D1F66765CB96}.Release|x86.Build.0 = Release|Any CPU
		{2100629E-C077-4D37-BFC4-137DFFE72371}.Debug|Any CPU.ActiveCfg = Debug|Any CPU
		{2100629E-C077-4D37-BFC4-137DFFE72371}.Debug|Any CPU.Build.0 = Debug|Any CPU
		{2100629E-C077-4D37-BFC4-137DFFE72371}.Debug|x64.ActiveCfg = Debug|Any CPU
		{2100629E-C077-4D37-BFC4-137DFFE72371}.Debug|x64.Build.0 = Debug|Any CPU
		{2100629E-C077-4D37-BFC4-137DFFE72371}.Debug|x86.ActiveCfg = Debug|Any CPU
		{2100629E-C077-4D37-BFC4-137DFFE72371}.Debug|x86.Build.0 = Debug|Any CPU
		{2100629E-C077-4D37-BFC4-137DFFE72371}.Release|Any CPU.ActiveCfg = Release|Any CPU
		{2100629E-C077-4D37-BFC4-137DFFE72371}.Release|Any CPU.Build.0 = Release|Any CPU
		{2100629E-C077-4D37-BFC4-137DFFE72371}.Release|x64.ActiveCfg = Release|Any CPU
		{2100629E-C077-4D37-BFC4-137DFFE72371}.Release|x64.Build.0 = Release|Any CPU
		{2100629E-C077-4D37-BFC4-137DFFE72371}.Release|x86.ActiveCfg = Release|Any CPU
		{2100629E-C077-4D37-BFC4-137DFFE72371}.Release|x86.Build.0 = Release|Any CPU
		{F4F255EF-79CE-4830-BC6B-DE1FFD94B16A}.Debug|Any CPU.ActiveCfg = Debug|Any CPU
		{F4F255EF-79CE-4830-BC6B-DE1FFD94B16A}.Debug|Any CPU.Build.0 = Debug|Any CPU
		{F4F255EF-79CE-4830-BC6B-DE1FFD94B16A}.Debug|x64.ActiveCfg = Debug|Any CPU
		{F4F255EF-79CE-4830-BC6B-DE1FFD94B16A}.Debug|x64.Build.0 = Debug|Any CPU
		{F4F255EF-79CE-4830-BC6B-DE1FFD94B16A}.Debug|x86.ActiveCfg = Debug|Any CPU
		{F4F255EF-79CE-4830-BC6B-DE1FFD94B16A}.Debug|x86.Build.0 = Debug|Any CPU
		{F4F255EF-79CE-4830-BC6B-DE1FFD94B16A}.Release|Any CPU.ActiveCfg = Release|Any CPU
		{F4F255EF-79CE-4830-BC6B-DE1FFD94B16A}.Release|Any CPU.Build.0 = Release|Any CPU
		{F4F255EF-79CE-4830-BC6B-DE1FFD94B16A}.Release|x64.ActiveCfg = Release|Any CPU
		{F4F255EF-79CE-4830-BC6B-DE1FFD94B16A}.Release|x64.Build.0 = Release|Any CPU
		{F4F255EF-79CE-4830-BC6B-DE1FFD94B16A}.Release|x86.ActiveCfg = Release|Any CPU
		{F4F255EF-79CE-4830-BC6B-DE1FFD94B16A}.Release|x86.Build.0 = Release|Any CPU
		{014FA592-D645-4E8E-A6C3-AA629ACFE084}.Debug|Any CPU.ActiveCfg = Debug|Any CPU
		{014FA592-D645-4E8E-A6C3-AA629ACFE084}.Debug|Any CPU.Build.0 = Debug|Any CPU
		{014FA592-D645-4E8E-A6C3-AA629ACFE084}.Debug|x64.ActiveCfg = Debug|Any CPU
		{014FA592-D645-4E8E-A6C3-AA629ACFE084}.Debug|x64.Build.0 = Debug|Any CPU
		{014FA592-D645-4E8E-A6C3-AA629ACFE084}.Debug|x86.ActiveCfg = Debug|Any CPU
		{014FA592-D645-4E8E-A6C3-AA629ACFE084}.Debug|x86.Build.0 = Debug|Any CPU
		{014FA592-D645-4E8E-A6C3-AA629ACFE084}.Release|Any CPU.ActiveCfg = Release|Any CPU
		{014FA592-D645-4E8E-A6C3-AA629ACFE084}.Release|Any CPU.Build.0 = Release|Any CPU
		{014FA592-D645-4E8E-A6C3-AA629ACFE084}.Release|x64.ActiveCfg = Release|Any CPU
		{014FA592-D645-4E8E-A6C3-AA629ACFE084}.Release|x64.Build.0 = Release|Any CPU
		{014FA592-D645-4E8E-A6C3-AA629ACFE084}.Release|x86.ActiveCfg = Release|Any CPU
		{014FA592-D645-4E8E-A6C3-AA629ACFE084}.Release|x86.Build.0 = Release|Any CPU
		{87A6D076-3636-4F9E-8401-0B69A89F2FFB}.Debug|Any CPU.ActiveCfg = Debug|Any CPU
		{87A6D076-3636-4F9E-8401-0B69A89F2FFB}.Debug|Any CPU.Build.0 = Debug|Any CPU
		{87A6D076-3636-4F9E-8401-0B69A89F2FFB}.Debug|x64.ActiveCfg = Debug|Any CPU
		{87A6D076-3636-4F9E-8401-0B69A89F2FFB}.Debug|x64.Build.0 = Debug|Any CPU
		{87A6D076-3636-4F9E-8401-0B69A89F2FFB}.Debug|x86.ActiveCfg = Debug|Any CPU
		{87A6D076-3636-4F9E-8401-0B69A89F2FFB}.Debug|x86.Build.0 = Debug|Any CPU
		{87A6D076-3636-4F9E-8401-0B69A89F2FFB}.Release|Any CPU.ActiveCfg = Release|Any CPU
		{87A6D076-3636-4F9E-8401-0B69A89F2FFB}.Release|Any CPU.Build.0 = Release|Any CPU
		{87A6D076-3636-4F9E-8401-0B69A89F2FFB}.Release|x64.ActiveCfg = Release|Any CPU
		{87A6D076-3636-4F9E-8401-0B69A89F2FFB}.Release|x64.Build.0 = Release|Any CPU
		{87A6D076-3636-4F9E-8401-0B69A89F2FFB}.Release|x86.ActiveCfg = Release|Any CPU
		{87A6D076-3636-4F9E-8401-0B69A89F2FFB}.Release|x86.Build.0 = Release|Any CPU
	EndGlobalSection
	GlobalSection(SolutionProperties) = preSolution
		HideSolutionNode = FALSE
	EndGlobalSection
	GlobalSection(NestedProjects) = preSolution
		{BBD314AA-B469-4920-8FF8-7375E393F951} = {5D20AA90-6969-D8BD-9DCD-8634F4692FDA}
		{83A7E4D3-1FC9-4F45-8ADF-11AC36659EBB} = {F3CDE458-B1FE-C2AB-9BAD-D4C60C1CB6EC}
		{1DEFA6DF-C83B-497A-8929-D1F66765CB96} = {F3CDE458-B1FE-C2AB-9BAD-D4C60C1CB6EC}
		{2100629E-C077-4D37-BFC4-137DFFE72371} = {F3CDE458-B1FE-C2AB-9BAD-D4C60C1CB6EC}
		{F4F255EF-79CE-4830-BC6B-DE1FFD94B16A} = {F3CDE458-B1FE-C2AB-9BAD-D4C60C1CB6EC}
		{014FA592-D645-4E8E-A6C3-AA629ACFE084} = {F3CDE458-B1FE-C2AB-9BAD-D4C60C1CB6EC}
		{87A6D076-3636-4F9E-8401-0B69A89F2FFB} = {F3CDE458-B1FE-C2AB-9BAD-D4C60C1CB6EC}
	EndGlobalSection
	GlobalSection(ExtensibilityGlobals) = postSolution
		SolutionGuid = {8A08A6A2-6739-49D3-A55E-55DB8B991817}
	EndGlobalSection
EndGlobal
